
Microsoft Visual Studio Solution File, Format Version 12.00
# Visual Studio Version 16
VisualStudioVersion = 16.0.30907.101
MinimumVisualStudioVersion = 10.0.40219.1
Project("{FAE04EC0-301F-11D3-BF4B-00C04F79EFBC}") = "p.parcial1", "p.parcial1\p.parcial1.csproj", "{C46B09E9-FFDE-4C7A-956D-DC8BDB2CEE3A}"
EndProject
Project("{FAE04EC0-301F-11D3-BF4B-00C04F79EFBC}") = "p.parcial1.Tests", "p.parcial1.Tests\p.parcial1.Tests.csproj", "{BB9487F6-82D4-44FE-99FA-09C1F26A2C3E}"
EndProject
Global
	GlobalSection(SolutionConfigurationPlatforms) = preSolution
		Debug|Any CPU = Debug|Any CPU
		Release|Any CPU = Release|Any CPU
	EndGlobalSection
	GlobalSection(ProjectConfigurationPlatforms) = postSolution
		{C46B09E9-FFDE-4C7A-956D-DC8BDB2CEE3A}.Debug|Any CPU.ActiveCfg = Debug|Any CPU
		{C46B09E9-FFDE-4C7A-956D-DC8BDB2CEE3A}.Debug|Any CPU.Build.0 = Debug|Any CPU
		{C46B09E9-FFDE-4C7A-956D-DC8BDB2CEE3A}.Release|Any CPU.ActiveCfg = Release|Any CPU
		{C46B09E9-FFDE-4C7A-956D-DC8BDB2CEE3A}.Release|Any CPU.Build.0 = Release|Any CPU
		{BB9487F6-82D4-44FE-99FA-09C1F26A2C3E}.Debug|Any CPU.ActiveCfg = Debug|Any CPU
		{BB9487F6-82D4-44FE-99FA-09C1F26A2C3E}.Debug|Any CPU.Build.0 = Debug|Any CPU
		{BB9487F6-82D4-44FE-99FA-09C1F26A2C3E}.Release|Any CPU.ActiveCfg = Release|Any CPU
		{BB9487F6-82D4-44FE-99FA-09C1F26A2C3E}.Release|Any CPU.Build.0 = Release|Any CPU
	EndGlobalSection
	GlobalSection(SolutionProperties) = preSolution
		HideSolutionNode = FALSE
	EndGlobalSection
	GlobalSection(ExtensibilityGlobals) = postSolution
		SolutionGuid = {26255244-F92E-4752-ABBB-B58518FBC3C6}
	EndGlobalSection
EndGlobal
